
Microsoft Visual Studio Solution File, Format Version 12.00
# Visual Studio Version 17
VisualStudioVersion = 17.14.36623.8 d17.14
MinimumVisualStudioVersion = 10.0.40219.1
Project("{FAE04EC0-301F-11D3-BF4B-00C04F79EFBC}") = "RegresionMin", "RegresionMin\RegresionMin.csproj", "{A82B3FEF-3C5F-463C-BE82-77D69C6E3255}"
EndProject
Global
	GlobalSection(SolutionConfigurationPlatforms) = preSolution
		Debug|Any CPU = Debug|Any CPU
		Release|Any CPU = Release|Any CPU
	EndGlobalSection
	GlobalSection(ProjectConfigurationPlatforms) = postSolution
		{A82B3FEF-3C5F-463C-BE82-77D69C6E3255}.Debug|Any CPU.ActiveCfg = Debug|Any CPU
		{A82B3FEF-3C5F-463C-BE82-77D69C6E3255}.Debug|Any CPU.Build.0 = Debug|Any CPU
		{A82B3FEF-3C5F-463C-BE82-77D69C6E3255}.Release|Any CPU.ActiveCfg = Release|Any CPU
		{A82B3FEF-3C5F-463C-BE82-77D69C6E3255}.Release|Any CPU.Build.0 = Release|Any CPU
	EndGlobalSection
	GlobalSection(SolutionProperties) = preSolution
		HideSolutionNode = FALSE
	EndGlobalSection
	GlobalSection(ExtensibilityGlobals) = postSolution
		SolutionGuid = {689D882F-0087-447D-987A-6DF33C69B73C}
	EndGlobalSection
EndGlobal
